
Microsoft Visual Studio Solution File, Format Version 12.00
# Visual Studio 15
VisualStudioVersion = 15.0.28307.168
MinimumVisualStudioVersion = 10.0.40219.1
Project("{FAE04EC0-301F-11D3-BF4B-00C04F79EFBC}") = "MarsRoverProblem", "MarsRoverProblem\MarsRoverProblem.csproj", "{819279A3-1BEC-4BD2-9011-0D857F91B252}"
EndProject
Project("{FAE04EC0-301F-11D3-BF4B-00C04F79EFBC}") = "MarsRover", "MarsRover\MarsRover.csproj", "{0BF7C0FB-75E9-4082-97C3-B37885A5261B}"
EndProject
Global
	GlobalSection(SolutionConfigurationPlatforms) = preSolution
		Debug|Any CPU = Debug|Any CPU
		Release|Any CPU = Release|Any CPU
	EndGlobalSection
	GlobalSection(ProjectConfigurationPlatforms) = postSolution
		{819279A3-1BEC-4BD2-9011-0D857F91B252}.Debug|Any CPU.ActiveCfg = Debug|Any CPU
		{819279A3-1BEC-4BD2-9011-0D857F91B252}.Debug|Any CPU.Build.0 = Debug|Any CPU
		{819279A3-1BEC-4BD2-9011-0D857F91B252}.Release|Any CPU.ActiveCfg = Release|Any CPU
		{819279A3-1BEC-4BD2-9011-0D857F91B252}.Release|Any CPU.Build.0 = Release|Any CPU
		{0BF7C0FB-75E9-4082-97C3-B37885A5261B}.Debug|Any CPU.ActiveCfg = Debug|Any CPU
		{0BF7C0FB-75E9-4082-97C3-B37885A5261B}.Debug|Any CPU.Build.0 = Debug|Any CPU
		{0BF7C0FB-75E9-4082-97C3-B37885A5261B}.Release|Any CPU.ActiveCfg = Release|Any CPU
		{0BF7C0FB-75E9-4082-97C3-B37885A5261B}.Release|Any CPU.Build.0 = Release|Any CPU
	EndGlobalSection
	GlobalSection(SolutionProperties) = preSolution
		HideSolutionNode = FALSE
	EndGlobalSection
	GlobalSection(ExtensibilityGlobals) = postSolution
		SolutionGuid = {BDC53663-1BBA-46EF-BD0D-120440F8D79D}
	EndGlobalSection
EndGlobal
